
Microsoft Visual Studio Solution File, Format Version 12.00
# Visual Studio Version 16
VisualStudioVersion = 16.0.31702.278
MinimumVisualStudioVersion = 10.0.40219.1
Project("{FAE04EC0-301F-11D3-BF4B-00C04F79EFBC}") = "Proxy", "Proxy\Proxy.csproj", "{4520B3D5-ED97-475C-9DC5-B9349127B14F}"
EndProject
Global
	GlobalSection(SolutionConfigurationPlatforms) = preSolution
		Debug|Any CPU = Debug|Any CPU
		Release|Any CPU = Release|Any CPU
	EndGlobalSection
	GlobalSection(ProjectConfigurationPlatforms) = postSolution
		{4520B3D5-ED97-475C-9DC5-B9349127B14F}.Debug|Any CPU.ActiveCfg = Debug|Any CPU
		{4520B3D5-ED97-475C-9DC5-B9349127B14F}.Debug|Any CPU.Build.0 = Debug|Any CPU
		{4520B3D5-ED97-475C-9DC5-B9349127B14F}.Release|Any CPU.ActiveCfg = Release|Any CPU
		{4520B3D5-ED97-475C-9DC5-B9349127B14F}.Release|Any CPU.Build.0 = Release|Any CPU
	EndGlobalSection
	GlobalSection(SolutionProperties) = preSolution
		HideSolutionNode = FALSE
	EndGlobalSection
	GlobalSection(ExtensibilityGlobals) = postSolution
		SolutionGuid = {151797B7-2804-4250-A212-0E8A5CE6D51F}
	EndGlobalSection
EndGlobal
